
Microsoft Visual Studio Solution File, Format Version 12.00
# Visual Studio 15
Project("{FAE04EC0-301F-11D3-BF4B-00C04F79EFBC}") = "Sirenix.OdinInspector.CompatibilityLayer", "Sirenix.OdinInspector.CompatibilityLayer.csproj", "{5D1BCFEF-480A-354F-8CA3-10B2715AA1D7}"
EndProject
Project("{FAE04EC0-301F-11D3-BF4B-00C04F79EFBC}") = "Assembly-CSharp", "Assembly-CSharp.csproj", "{9660C262-4661-8AA0-0F54-6C663231339E}"
EndProject
Project("{FAE04EC0-301F-11D3-BF4B-00C04F79EFBC}") = "Sirenix.OdinInspector.CompatibilityLayer.Editor", "Sirenix.OdinInspector.CompatibilityLayer.Editor.csproj", "{13F33938-90CA-283B-CBFD-49C46B7E9AEC}"
EndProject
Global
	GlobalSection(SolutionConfigurationPlatforms) = preSolution
		Debug|Any CPU = Debug|Any CPU
		Release|Any CPU = Release|Any CPU
	EndGlobalSection
	GlobalSection(ProjectConfigurationPlatforms) = postSolution
		{5D1BCFEF-480A-354F-8CA3-10B2715AA1D7}.Debug|Any CPU.ActiveCfg = Debug|Any CPU
		{5D1BCFEF-480A-354F-8CA3-10B2715AA1D7}.Debug|Any CPU.Build.0 = Debug|Any CPU
		{5D1BCFEF-480A-354F-8CA3-10B2715AA1D7}.Release|Any CPU.ActiveCfg = Release|Any CPU
		{5D1BCFEF-480A-354F-8CA3-10B2715AA1D7}.Release|Any CPU.Build.0 = Release|Any CPU
		{9660C262-4661-8AA0-0F54-6C663231339E}.Debug|Any CPU.ActiveCfg = Debug|Any CPU
		{9660C262-4661-8AA0-0F54-6C663231339E}.Debug|Any CPU.Build.0 = Debug|Any CPU
		{9660C262-4661-8AA0-0F54-6C663231339E}.Release|Any CPU.ActiveCfg = Release|Any CPU
		{9660C262-4661-8AA0-0F54-6C663231339E}.Release|Any CPU.Build.0 = Release|Any CPU
		{13F33938-90CA-283B-CBFD-49C46B7E9AEC}.Debug|Any CPU.ActiveCfg = Debug|Any CPU
		{13F33938-90CA-283B-CBFD-49C46B7E9AEC}.Debug|Any CPU.Build.0 = Debug|Any CPU
		{13F33938-90CA-283B-CBFD-49C46B7E9AEC}.Release|Any CPU.ActiveCfg = Release|Any CPU
		{13F33938-90CA-283B-CBFD-49C46B7E9AEC}.Release|Any CPU.Build.0 = Release|Any CPU
	EndGlobalSection
	GlobalSection(SolutionProperties) = preSolution
		HideSolutionNode = FALSE
	EndGlobalSection
EndGlobal
